
Microsoft Visual Studio Solution File, Format Version 12.00
# Visual Studio 14
VisualStudioVersion = 14.0.25123.0
MinimumVisualStudioVersion = 10.0.40219.1
Project("{2150E333-8FDC-42A3-9474-1A3956D46DE8}") = "src", "src", "{5E739778-E771-4576-8483-FC04B055B5E8}"
EndProject
Project("{2150E333-8FDC-42A3-9474-1A3956D46DE8}") = "Solution Items", "Solution Items", "{C6B8AD9C-E7D9-483E-880A-8E810C914E91}"
	ProjectSection(SolutionItems) = preProject
		global.json = global.json
	EndProjectSection
EndProject
Project("{8BB2217D-0F2D-49D1-97BC-3654ED321F3B}") = "example", "src\example\example.xproj", "{1AB0ABA8-07BE-4070-8508-00C182091C59}"
EndProject
Global
	GlobalSection(SolutionConfigurationPlatforms) = preSolution
		Debug|Any CPU = Debug|Any CPU
		Release|Any CPU = Release|Any CPU
	EndGlobalSection
	GlobalSection(ProjectConfigurationPlatforms) = postSolution
		{1AB0ABA8-07BE-4070-8508-00C182091C59}.Debug|Any CPU.ActiveCfg = Debug|Any CPU
		{1AB0ABA8-07BE-4070-8508-00C182091C59}.Debug|Any CPU.Build.0 = Debug|Any CPU
		{1AB0ABA8-07BE-4070-8508-00C182091C59}.Release|Any CPU.ActiveCfg = Release|Any CPU
		{1AB0ABA8-07BE-4070-8508-00C182091C59}.Release|Any CPU.Build.0 = Release|Any CPU
	EndGlobalSection
	GlobalSection(SolutionProperties) = preSolution
		HideSolutionNode = FALSE
	EndGlobalSection
	GlobalSection(NestedProjects) = preSolution
		{1AB0ABA8-07BE-4070-8508-00C182091C59} = {5E739778-E771-4576-8483-FC04B055B5E8}
	EndGlobalSection
EndGlobal
